{
  "name": "tauri-app",
  "lockfileVersion": 2,
  "requires": true,
  "packages": {
    "": {
      "name": "tauri-app",
      "dependencies": {
        "@tauri-apps/api": "^1.0.0-rc.1"
      },
      "devDependencies": {
        "@tauri-apps/cli": "^2.0.0-alpha.16"
      }
    },
    "node_modules/@tauri-apps/api": {
      "version": "1.0.0-rc.1",
      "resolved": "https://registry.npmjs.org/@tauri-apps/api/-/api-1.0.0-rc.1.tgz",
      "integrity": "sha512-VBUOmfT8ea02JB/Qr+FHeaLnug5BRA7ro2pX47q0GZCbZsU9b+iPnOXl0ShJwT0melR7B6iamyhDwkHStMVfQA==",
      "dependencies": {
        "type-fest": "2.11.2"
      },
      "engines": {
        "node": ">= 12.13.0",
        "npm": ">= 6.6.0",
        "yarn": ">= 1.19.1"
      },
      "funding": {
        "type": "opencollective",
        "url": "https://opencollective.com/tauri"
      }
    },
    "node_modules/@tauri-apps/cli": {
      "version": "2.0.0-alpha.16",
      "resolved": "https://registry.npmjs.org/@tauri-apps/cli/-/cli-2.0.0-alpha.16.tgz",
      "integrity": "sha512-zh2psjmHLkoHZkzUN1aPqcOE4KTLRTRJdd+K8CsD/y5nbQdek8qjc8ToohV2FNHDkBq0O/yETsPmPPLgQfhVhg==",
      "dev": true,
      "bin": {
        "tauri": "tauri.js"
      },
      "engines": {
        "node": ">= 10"
      },
      "funding": {
        "type": "opencollective",
        "url": "https://opencollective.com/tauri"
      },
      "optionalDependencies": {
        "@tauri-apps/cli-darwin-arm64": "2.0.0-alpha.16",
        "@tauri-apps/cli-darwin-x64": "2.0.0-alpha.16",
        "@tauri-apps/cli-linux-arm-gnueabihf": "2.0.0-alpha.16",
        "@tauri-apps/cli-linux-arm64-gnu": "2.0.0-alpha.16",
        "@tauri-apps/cli-linux-arm64-musl": "2.0.0-alpha.16",
        "@tauri-apps/cli-linux-x64-gnu": "2.0.0-alpha.16",
        "@tauri-apps/cli-linux-x64-musl": "2.0.0-alpha.16",
        "@tauri-apps/cli-win32-arm64-msvc": "2.0.0-alpha.16",
        "@tauri-apps/cli-win32-ia32-msvc": "2.0.0-alpha.16",
        "@tauri-apps/cli-win32-x64-msvc": "2.0.0-alpha.16"
      }
    },
    "node_modules/@tauri-apps/cli-darwin-arm64": {
      "version": "2.0.0-alpha.16",
      "resolved": "https://registry.npmjs.org/@tauri-apps/cli-darwin-arm64/-/cli-darwin-arm64-2.0.0-alpha.16.tgz",
      "integrity": "sha512-T/yu8+m4XrI1Ja5aVnsv4v5aGqIvwz1egHarMgh4LXrlMioJ60BoxDPfenaUokO6NVee212woFSmH6p4S7V8PA==",
      "cpu": [
        "arm64"
      ],
      "dev": true,
      "optional": true,
      "os": [
        "darwin"
      ],
      "engines": {
        "node": ">= 10"
      }
    },
    "node_modules/@tauri-apps/cli-darwin-x64": {
      "version": "2.0.0-alpha.16",
      "resolved": "https://registry.npmjs.org/@tauri-apps/cli-darwin-x64/-/cli-darwin-x64-2.0.0-alpha.16.tgz",
      "integrity": "sha512-mhYB/UPeyn++GI0Tt8y90WmHU75Fh9yZ7cBtRCrF94kOOEldQGYqS26dwhsRrSgnNYB7vYvVPhHzQsKWziParQ==",
      "cpu": [
        "x64"
      ],
      "dev": true,
      "optional": true,
      "os": [
        "darwin"
      ],
      "engines": {
        "node": ">= 10"
      }
    },
    "node_modules/@tauri-apps/cli-linux-arm-gnueabihf": {
      "version": "2.0.0-alpha.16",
      "resolved": "https://registry.npmjs.org/@tauri-apps/cli-linux-arm-gnueabihf/-/cli-linux-arm-gnueabihf-2.0.0-alpha.16.tgz",
      "integrity": "sha512-YP+4BSNN2ESgPnoIO37nw5tOi2k2rrU2eoeJHxQpOmRrQakjBrcZFP1HGjY3cOturexIKUALH69Ol9K6WzrJIQ==",
      "cpu": [
        "arm"
      ],
      "dev": true,
      "optional": true,
      "os": [
        "linux"
      ],
      "engines": {
        "node": ">= 10"
      }
    },
    "node_modules/@tauri-apps/cli-linux-arm64-gnu": {
      "version": "2.0.0-alpha.16",
      "resolved": "https://registry.npmjs.org/@tauri-apps/cli-linux-arm64-gnu/-/cli-linux-arm64-gnu-2.0.0-alpha.16.tgz",
      "integrity": "sha512-mP/I6AdlRnrbZBUMKJWo4JsZStYD+7szh/1oo4zmDfWx0z6HUzgN6gxL+CR0pLex4kCJGUNeo1aZCGBJKzEdHg==",
      "cpu": [
        "arm64"
      ],
      "dev": true,
      "optional": true,
      "os": [
        "linux"
      ],
      "engines": {
        "node": ">= 10"
      }
    },
    "node_modules/@tauri-apps/cli-linux-arm64-musl": {
      "version": "2.0.0-alpha.16",
      "resolved": "https://registry.npmjs.org/@tauri-apps/cli-linux-arm64-musl/-/cli-linux-arm64-musl-2.0.0-alpha.16.tgz",
      "integrity": "sha512-i58pTClYkn9BBhMShNycRUJD+cfxHs+PV5PPHhBJdi3+zpL0zHNTlZAjTMpO/o4hmTYhw1rbk+kPzXEaiAnt0w==",
      "cpu": [
        "arm64"
      ],
      "dev": true,
      "optional": true,
      "os": [
        "linux"
      ],
      "engines": {
        "node": ">= 10"
      }
    },
    "node_modules/@tauri-apps/cli-linux-x64-gnu": {
      "version": "2.0.0-alpha.16",
      "resolved": "https://registry.npmjs.org/@tauri-apps/cli-linux-x64-gnu/-/cli-linux-x64-gnu-2.0.0-alpha.16.tgz",
      "integrity": "sha512-GLb0+MvoC6/7l5HXhF3Ii1Uodg6K6l8tfSaQ7H8qplp9oVgMvNi8yd9myRT8SYApjsC1pViXTib+5n2pp3VS0A==",
      "cpu": [
        "x64"
      ],
      "dev": true,
      "optional": true,
      "os": [
        "linux"
      ],
      "engines": {
        "node": ">= 10"
      }
    },
    "node_modules/@tauri-apps/cli-linux-x64-musl": {
      "version": "2.0.0-alpha.16",
      "resolved": "https://registry.npmjs.org/@tauri-apps/cli-linux-x64-musl/-/cli-linux-x64-musl-2.0.0-alpha.16.tgz",
      "integrity": "sha512-pZXuwVQpInzW8YjmhJsDPx3ovfVFbKJkUnXTgmVe8RvQSh6BxCSLyq8z4WG6zBRBdpjg8L5jVM8/MWf/QhdCVg==",
      "cpu": [
        "x64"
      ],
      "dev": true,
      "optional": true,
      "os": [
        "linux"
      ],
      "engines": {
        "node": ">= 10"
      }
    },
    "node_modules/@tauri-apps/cli-win32-arm64-msvc": {
      "version": "2.0.0-alpha.16",
      "resolved": "https://registry.npmjs.org/@tauri-apps/cli-win32-arm64-msvc/-/cli-win32-arm64-msvc-2.0.0-alpha.16.tgz",
      "integrity": "sha512-YB1urpcOfSMRhKi+0Cj8I2T+dlU2Vqqc/ao+8O4wiHibGFyGIcuL/DJfC/7nHyFUngac7Shyz8/VRKgvd/jEvw==",
      "cpu": [
        "arm64"
      ],
      "dev": true,
      "optional": true,
      "os": [
        "win32"
      ],
      "engines": {
        "node": ">= 10"
      }
    },
    "node_modules/@tauri-apps/cli-win32-ia32-msvc": {
      "version": "2.0.0-alpha.16",
      "resolved": "https://registry.npmjs.org/@tauri-apps/cli-win32-ia32-msvc/-/cli-win32-ia32-msvc-2.0.0-alpha.16.tgz",
      "integrity": "sha512-IdODN3LwzwCaJOv1muiOhy0yD3IAIdu2UGacEukM9gnJ1VsK/JqU9ufH0SAFQkxKTWc6wpKykEAfuSNRlMIa5A==",
      "cpu": [
        "ia32"
      ],
      "dev": true,
      "optional": true,
      "os": [
        "win32"
      ],
      "engines": {
        "node": ">= 10"
      }
    },
    "node_modules/@tauri-apps/cli-win32-x64-msvc": {
      "version": "2.0.0-alpha.16",
      "resolved": "https://registry.npmjs.org/@tauri-apps/cli-win32-x64-msvc/-/cli-win32-x64-msvc-2.0.0-alpha.16.tgz",
      "integrity": "sha512-T2kg6o3Ca5cC2i5BdjsGCym0yZ64c9BGO5cmtCCrIardMTYB3hUHDvekOmKviBfqQbIsBHGZfnLDDbmjnwTLvA==",
      "cpu": [
        "x64"
      ],
      "dev": true,
      "optional": true,
      "os": [
        "win32"
      ],
      "engines": {
        "node": ">= 10"
      }
    },
    "node_modules/type-fest": {
      "version": "2.11.2",
      "resolved": "https://registry.npmjs.org/type-fest/-/type-fest-2.11.2.tgz",
      "integrity": "sha512-reW2Y2Mpn0QNA/5fvtm5doROLwDPu2zOm5RtY7xQQS05Q7xgC8MOZ3yPNaP9m/s/sNjjFQtHo7VCNqYW2iI+Ig==",
      "engines": {
        "node": ">=12.20"
      },
      "funding": {
        "url": "https://github.com/sponsors/sindresorhus"
      }
    }
  },
  "dependencies": {
    "@tauri-apps/api": {
      "version": "1.0.0-rc.1",
      "resolved": "https://registry.npmjs.org/@tauri-apps/api/-/api-1.0.0-rc.1.tgz",
      "integrity": "sha512-VBUOmfT8ea02JB/Qr+FHeaLnug5BRA7ro2pX47q0GZCbZsU9b+iPnOXl0ShJwT0melR7B6iamyhDwkHStMVfQA==",
      "requires": {
        "type-fest": "2.11.2"
      }
    },
    "@tauri-apps/cli": {
      "version": "2.0.0-alpha.16",
      "resolved": "https://registry.npmjs.org/@tauri-apps/cli/-/cli-2.0.0-alpha.16.tgz",
      "integrity": "sha512-zh2psjmHLkoHZkzUN1aPqcOE4KTLRTRJdd+K8CsD/y5nbQdek8qjc8ToohV2FNHDkBq0O/yETsPmPPLgQfhVhg==",
      "dev": true,
      "requires": {
        "@tauri-apps/cli-darwin-arm64": "2.0.0-alpha.16",
        "@tauri-apps/cli-darwin-x64": "2.0.0-alpha.16",
        "@tauri-apps/cli-linux-arm-gnueabihf": "2.0.0-alpha.16",
        "@tauri-apps/cli-linux-arm64-gnu": "2.0.0-alpha.16",
        "@tauri-apps/cli-linux-arm64-musl": "2.0.0-alpha.16",
        "@tauri-apps/cli-linux-x64-gnu": "2.0.0-alpha.16",
        "@tauri-apps/cli-linux-x64-musl": "2.0.0-alpha.16",
        "@tauri-apps/cli-win32-arm64-msvc": "2.0.0-alpha.16",
        "@tauri-apps/cli-win32-ia32-msvc": "2.0.0-alpha.16",
        "@tauri-apps/cli-win32-x64-msvc": "2.0.0-alpha.16"
      }
    },
    "@tauri-apps/cli-darwin-arm64": {
      "version": "2.0.0-alpha.16",
      "resolved": "https://registry.npmjs.org/@tauri-apps/cli-darwin-arm64/-/cli-darwin-arm64-2.0.0-alpha.16.tgz",
      "integrity": "sha512-T/yu8+m4XrI1Ja5aVnsv4v5aGqIvwz1egHarMgh4LXrlMioJ60BoxDPfenaUokO6NVee212woFSmH6p4S7V8PA==",
      "dev": true,
      "optional": true
    },
    "@tauri-apps/cli-darwin-x64": {
      "version": "2.0.0-alpha.16",
      "resolved": "https://registry.npmjs.org/@tauri-apps/cli-darwin-x64/-/cli-darwin-x64-2.0.0-alpha.16.tgz",
      "integrity": "sha512-mhYB/UPeyn++GI0Tt8y90WmHU75Fh9yZ7cBtRCrF94kOOEldQGYqS26dwhsRrSgnNYB7vYvVPhHzQsKWziParQ==",
      "dev": true,
      "optional": true
    },
    "@tauri-apps/cli-linux-arm-gnueabihf": {
      "version": "2.0.0-alpha.16",
      "resolved": "https://registry.npmjs.org/@tauri-apps/cli-linux-arm-gnueabihf/-/cli-linux-arm-gnueabihf-2.0.0-alpha.16.tgz",
      "integrity": "sha512-YP+4BSNN2ESgPnoIO37nw5tOi2k2rrU2eoeJHxQpOmRrQakjBrcZFP1HGjY3cOturexIKUALH69Ol9K6WzrJIQ==",
      "dev": true,
      "optional": true
    },
    "@tauri-apps/cli-linux-arm64-gnu": {
      "version": "2.0.0-alpha.16",
      "resolved": "https://registry.npmjs.org/@tauri-apps/cli-linux-arm64-gnu/-/cli-linux-arm64-gnu-2.0.0-alpha.16.tgz",
      "integrity": "sha512-mP/I6AdlRnrbZBUMKJWo4JsZStYD+7szh/1oo4zmDfWx0z6HUzgN6gxL+CR0pLex4kCJGUNeo1aZCGBJKzEdHg==",
      "dev": true,
      "optional": true
    },
    "@tauri-apps/cli-linux-arm64-musl": {
      "version": "2.0.0-alpha.16",
      "resolved": "https://registry.npmjs.org/@tauri-apps/cli-linux-arm64-musl/-/cli-linux-arm64-musl-2.0.0-alpha.16.tgz",
      "integrity": "sha512-i58pTClYkn9BBhMShNycRUJD+cfxHs+PV5PPHhBJdi3+zpL0zHNTlZAjTMpO/o4hmTYhw1rbk+kPzXEaiAnt0w==",
      "dev": true,
      "optional": true
    },
    "@tauri-apps/cli-linux-x64-gnu": {
      "version": "2.0.0-alpha.16",
      "resolved": "https://registry.npmjs.org/@tauri-apps/cli-linux-x64-gnu/-/cli-linux-x64-gnu-2.0.0-alpha.16.tgz",
      "integrity": "sha512-GLb0+MvoC6/7l5HXhF3Ii1Uodg6K6l8tfSaQ7H8qplp9oVgMvNi8yd9myRT8SYApjsC1pViXTib+5n2pp3VS0A==",
      "dev": true,
      "optional": true
    },
    "@tauri-apps/cli-linux-x64-musl": {
      "version": "2.0.0-alpha.16",
      "resolved": "https://registry.npmjs.org/@tauri-apps/cli-linux-x64-musl/-/cli-linux-x64-musl-2.0.0-alpha.16.tgz",
      "integrity": "sha512-pZXuwVQpInzW8YjmhJsDPx3ovfVFbKJkUnXTgmVe8RvQSh6BxCSLyq8z4WG6zBRBdpjg8L5jVM8/MWf/QhdCVg==",
      "dev": true,
      "optional": true
    },
    "@tauri-apps/cli-win32-arm64-msvc": {
      "version": "2.0.0-alpha.16",
      "resolved": "https://registry.npmjs.org/@tauri-apps/cli-win32-arm64-msvc/-/cli-win32-arm64-msvc-2.0.0-alpha.16.tgz",
      "integrity": "sha512-YB1urpcOfSMRhKi+0Cj8I2T+dlU2Vqqc/ao+8O4wiHibGFyGIcuL/DJfC/7nHyFUngac7Shyz8/VRKgvd/jEvw==",
      "dev": true,
      "optional": true
    },
    "@tauri-apps/cli-win32-ia32-msvc": {
      "version": "2.0.0-alpha.16",
      "resolved": "https://registry.npmjs.org/@tauri-apps/cli-win32-ia32-msvc/-/cli-win32-ia32-msvc-2.0.0-alpha.16.tgz",
      "integrity": "sha512-IdODN3LwzwCaJOv1muiOhy0yD3IAIdu2UGacEukM9gnJ1VsK/JqU9ufH0SAFQkxKTWc6wpKykEAfuSNRlMIa5A==",
      "dev": true,
      "optional": true
    },
    "@tauri-apps/cli-win32-x64-msvc": {
      "version": "2.0.0-alpha.16",
      "resolved": "https://registry.npmjs.org/@tauri-apps/cli-win32-x64-msvc/-/cli-win32-x64-msvc-2.0.0-alpha.16.tgz",
      "integrity": "sha512-T2kg6o3Ca5cC2i5BdjsGCym0yZ64c9BGO5cmtCCrIardMTYB3hUHDvekOmKviBfqQbIsBHGZfnLDDbmjnwTLvA==",
      "dev": true,
      "optional": true
    },
    "type-fest": {
      "version": "2.11.2",
      "resolved": "https://registry.npmjs.org/type-fest/-/type-fest-2.11.2.tgz",
      "integrity": "sha512-reW2Y2Mpn0QNA/5fvtm5doROLwDPu2zOm5RtY7xQQS05Q7xgC8MOZ3yPNaP9m/s/sNjjFQtHo7VCNqYW2iI+Ig=="
    }
  }
}
