# Lockfile v4
# This file is automatically generated by Wapm.
# It is not intended for manual editing. The schema of this file may change.
[modules."saghul/quickjs"."0.0.3".quickjs]
name = "quickjs"
package_version = "0.0.3"
package_name = "saghul/quickjs"
package_path = "saghul/quickjs@0.0.3"
resolved = "https://registry-cdn.wapm.io/packages/_/quickjs/quickjs-0.0.3.tar.gz"
resolved_source = "registry+quickjs"
abi = "wasi"
source = "build/qjs.wasm"
[modules."syrusakbary/cowsay"."0.2.0".cowsay]
name = "cowsay"
package_version = "0.2.0"
package_name = "syrusakbary/cowsay"
package_path = "syrusakbary/cowsay@0.2.0"
resolved = "https://registry-cdn.wapm.io/packages/_/cowsay/cowsay-0.2.0.tar.gz"
resolved_source = "registry+cowsay"
abi = "wasi"
source = "target/wasm32-wasi/release/cowsay.wasm"
[commands.cowsay]
name = "cowsay"
package_name = "syrusakbary/cowsay"
package_version = "0.2.0"
module = "cowsay"
is_top_level_dependency = true

[commands.cowthink]
name = "cowthink"
package_name = "syrusakbary/cowsay"
package_version = "0.2.0"
module = "cowsay"
is_top_level_dependency = true

[commands.qjs]
name = "qjs"
package_name = "saghul/quickjs"
package_version = "0.0.3"
module = "quickjs"
is_top_level_dependency = true

[commands.quickjs]
name = "quickjs"
package_name = "saghul/quickjs"
package_version = "0.0.3"
module = "quickjs"
is_top_level_dependency = true
